{
  "name": "spfetcherbase",
  "version": "1.0.14",
  "lockfileVersion": 1,
  "requires": true,
  "dependencies": {
    "@microsoft/decorators": {
      "version": "1.10.0",
      "resolved": "https://registry.npmjs.org/@microsoft/decorators/-/decorators-1.10.0.tgz",
      "integrity": "sha512-4D4DaG01XMNM253yFmLvtucPfdzj3UABpQ/4/02/Pnvt9fXGgg/TCxSApto4u8Vxka64uO7LCxMG5Fd1qv4b8Q==",
      "requires": {
        "tslib": "~1.9.3"
      }
    },
    "@microsoft/load-themed-styles": {
      "version": "1.10.43",
      "resolved": "https://registry.npmjs.org/@microsoft/load-themed-styles/-/load-themed-styles-1.10.43.tgz",
      "integrity": "sha512-9RUeBMXPHbT/qHTRIQi9oQs3bw5JkQGBQ8ayjycq95q+1OUI9jBJPiJi2d8btpGdJWisVb3ZXxRsUx5u6f5dRA=="
    },
    "@microsoft/loader-raw-script": {
      "version": "1.2.182",
      "resolved": "https://registry.npmjs.org/@microsoft/loader-raw-script/-/loader-raw-script-1.2.182.tgz",
      "integrity": "sha512-Uin++eH+eML7omSXTIrO4LBfphzCgC+ZyaboP9IL2S2S25x/sfNfdMcMMXghzZ00K231u1ygTs2Ta7lhlY7G5g==",
      "requires": {
        "loader-utils": "~1.1.0"
      }
    },
    "@microsoft/microsoft-graph-client": {
      "version": "1.1.0",
      "resolved": "https://registry.npmjs.org/@microsoft/microsoft-graph-client/-/microsoft-graph-client-1.1.0.tgz",
      "integrity": "sha512-sDgchKZz1l3QJVNdkE1P1KpwTjupNt1mS9h1T0CiP+ayMN7IeFKfElB8IYtxFplNalZTmEq+iqoQFqUVpVMLfQ==",
      "requires": {
        "es6-promise": "^4.1.0",
        "isomorphic-fetch": "^2.2.1"
      }
    },
    "@microsoft/microsoft-graph-types": {
      "version": "1.1.0",
      "resolved": "https://registry.npmjs.org/@microsoft/microsoft-graph-types/-/microsoft-graph-types-1.1.0.tgz",
      "integrity": "sha1-CGRuRpJHpBRMcVFhoQgTh63nzTs="
    },
    "@microsoft/office-ui-fabric-react-bundle": {
      "version": "1.10.0",
      "resolved": "https://registry.npmjs.org/@microsoft/office-ui-fabric-react-bundle/-/office-ui-fabric-react-bundle-1.10.0.tgz",
      "integrity": "sha512-T2Rvf8bdRQt7PHH9vLfc7lkkEzfXIAwqTPqIW7IkwQwORJ8oeYJdEO92SqQOkGtJdxLtXt6dQm0f9G8YH5huDw==",
      "requires": {
        "@types/react": "16.8.8",
        "@types/webpack-env": "1.13.1",
        "@uifabric/icons": "7.3.0",
        "office-ui-fabric-react": "7.59.0",
        "react": "16.8.5",
        "react-dom": "16.8.5",
        "tslib": "~1.9.3"
      }
    },
    "@microsoft/sp-component-base": {
      "version": "1.10.0",
      "resolved": "https://registry.npmjs.org/@microsoft/sp-component-base/-/sp-component-base-1.10.0.tgz",
      "integrity": "sha512-9XEkYGJfVaGGqcBZ87maH8h76ohQEIqRr0wOhvVQ4ME45SK64zoCX35aOazNU28TYbqphCMSLKYS/JQSyRjuiA==",
      "requires": {
        "@microsoft/decorators": "1.10.0",
        "@microsoft/sp-core-library": "1.10.0",
        "@microsoft/sp-diagnostics": "1.10.0",
        "@microsoft/sp-dynamic-data": "1.10.0",
        "@microsoft/sp-http": "1.10.0",
        "@microsoft/sp-loader": "1.10.0",
        "@microsoft/sp-lodash-subset": "1.10.0",
        "@microsoft/sp-module-interfaces": "1.10.0",
        "@microsoft/sp-page-context": "1.10.0",
        "@types/es6-promise": "0.0.33",
        "@types/webpack-env": "1.13.1"
      }
    },
    "@microsoft/sp-core-library": {
      "version": "1.10.0",
      "resolved": "https://registry.npmjs.org/@microsoft/sp-core-library/-/sp-core-library-1.10.0.tgz",
      "integrity": "sha512-np8GKJ90GJw5Qc1ZttYXYwwypupNxhcnWJ3Xm3tTgvDvkFyeTU0tOjUGKp9cPOBsUADxMIRtruUEBsi8Ip73yQ==",
      "requires": {
        "@microsoft/sp-lodash-subset": "1.10.0",
        "@microsoft/sp-module-interfaces": "1.10.0",
        "@types/es6-promise": "0.0.33",
        "@types/webpack-env": "1.13.1"
      }
    },
    "@microsoft/sp-diagnostics": {
      "version": "1.10.0",
      "resolved": "https://registry.npmjs.org/@microsoft/sp-diagnostics/-/sp-diagnostics-1.10.0.tgz",
      "integrity": "sha512-LDQBjEW+S8aGumcfTdPSxC1Vosq5jzmXnYj+xvgfKqCnbo+VV8rTCyUYNENGb7+V2qyB9Q/o9ddm41aUxSg+Tg==",
      "requires": {
        "@microsoft/sp-core-library": "1.10.0",
        "@microsoft/sp-lodash-subset": "1.10.0"
      }
    },
    "@microsoft/sp-dynamic-data": {
      "version": "1.10.0",
      "resolved": "https://registry.npmjs.org/@microsoft/sp-dynamic-data/-/sp-dynamic-data-1.10.0.tgz",
      "integrity": "sha512-XXTnLWeEcEDq3dcG+e0UV2HlmW/NUuuSaqU3O05xNUbx0VQJU5abuO34DGxwFyoKRp9NhG9iem1FExQiyijWDQ==",
      "requires": {
        "@microsoft/sp-core-library": "1.10.0",
        "@microsoft/sp-diagnostics": "1.10.0",
        "@microsoft/sp-lodash-subset": "1.10.0",
        "@microsoft/sp-module-interfaces": "1.10.0",
        "@types/es6-promise": "0.0.33",
        "@types/webpack-env": "1.13.1",
        "tslib": "~1.9.3"
      }
    },
    "@microsoft/sp-http": {
      "version": "1.10.0",
      "resolved": "https://registry.npmjs.org/@microsoft/sp-http/-/sp-http-1.10.0.tgz",
      "integrity": "sha512-8H76ORi4NV3ByNvvvENgucH7xdezdFGlJdxlOYIkzhyWgYsm/IEzFCNNBOChQk8kmlP/PqF146Ft6PIYgrZ6og==",
      "requires": {
        "@microsoft/microsoft-graph-client": "~1.1.0",
        "@microsoft/sp-core-library": "1.10.0",
        "@microsoft/sp-diagnostics": "1.10.0",
        "@microsoft/sp-module-interfaces": "1.10.0",
        "@types/adal-angular": "1.0.1",
        "adal-angular": "1.0.16",
        "msal": "1.1.3",
        "tslib": "~1.9.3"
      }
    },
    "@microsoft/sp-loader": {
      "version": "1.10.0",
      "resolved": "https://registry.npmjs.org/@microsoft/sp-loader/-/sp-loader-1.10.0.tgz",
      "integrity": "sha512-fJs0kXHK/QiF5JkkI64bZbdC0nGYEanua5MjawZxQO2c8KY9uVK/h2cJXIN9OnAL5lbn5gJD5aE4jQe2z4BBgQ==",
      "requires": {
        "@microsoft/loader-raw-script": "1.2.182",
        "@microsoft/office-ui-fabric-react-bundle": "1.10.0",
        "@microsoft/sp-core-library": "1.10.0",
        "@microsoft/sp-diagnostics": "1.10.0",
        "@microsoft/sp-dynamic-data": "1.10.0",
        "@microsoft/sp-http": "1.10.0",
        "@microsoft/sp-lodash-subset": "1.10.0",
        "@microsoft/sp-module-interfaces": "1.10.0",
        "@microsoft/sp-odata-types": "1.10.0",
        "@microsoft/sp-page-context": "1.10.0",
        "@microsoft/sp-polyfills": "1.10.0",
        "@types/es6-promise": "0.0.33",
        "@types/react": "16.8.8",
        "@types/react-dom": "16.8.3",
        "@types/requirejs": "2.1.29",
        "@types/webpack-env": "1.13.1",
        "@uifabric/utilities": "7.5.0",
        "exports-loader": "~0.6.4",
        "office-ui-fabric-react": "7.59.0",
        "raw-loader": "~0.5.1",
        "react": "16.8.5",
        "react-dom": "16.8.5",
        "requirejs": "2.1.20",
        "tslib": "~1.9.3"
      }
    },
    "@microsoft/sp-lodash-subset": {
      "version": "1.10.0",
      "resolved": "https://registry.npmjs.org/@microsoft/sp-lodash-subset/-/sp-lodash-subset-1.10.0.tgz",
      "integrity": "sha512-DxBSb+3nN0XWmo3swC2nva4VKaCNvrzNXSnr7kfqzdXga9phi8MWBf1HTBophI8PnkxlkV1fEWgs0c7pEuuYFw==",
      "requires": {
        "@types/lodash": "4.14.117",
        "@types/webpack-env": "1.13.1",
        "tslib": "~1.9.3"
      }
    },
    "@microsoft/sp-module-interfaces": {
      "version": "1.10.0",
      "resolved": "https://registry.npmjs.org/@microsoft/sp-module-interfaces/-/sp-module-interfaces-1.10.0.tgz",
      "integrity": "sha512-OGmqAmE8TbJF/1WWi2VwKtlxenUL/vu1d5h4ev87Gd3xvusTMkglVlMhNzePMYVYdzdszUVgTTvBeDV/c8tVEg==",
      "requires": {
        "@types/node": "8.10.54",
        "@types/z-schema": "3.16.31",
        "z-schema": "~3.18.3"
      }
    },
    "@microsoft/sp-odata-types": {
      "version": "1.10.0",
      "resolved": "https://registry.npmjs.org/@microsoft/sp-odata-types/-/sp-odata-types-1.10.0.tgz",
      "integrity": "sha512-O3kGcABicM5mgG9jUzqTU6tXZZPIGRZcM6uGry+v8M31r+ktptXyOOd7DkReNzFFxDJuXnqTAjusHMVx1N5+2A==",
      "requires": {
        "tslib": "~1.9.3"
      }
    },
    "@microsoft/sp-page-context": {
      "version": "1.10.0",
      "resolved": "https://registry.npmjs.org/@microsoft/sp-page-context/-/sp-page-context-1.10.0.tgz",
      "integrity": "sha512-EWqbL299gqlVUtETsogQDf3OacusLC0YoM0Yu4/dxiCbTJCE6FjaR4oDYYUa30HbqAe/Tmko3c5Buah7TkaB/g==",
      "requires": {
        "@microsoft/sp-core-library": "1.10.0",
        "@microsoft/sp-diagnostics": "1.10.0",
        "@microsoft/sp-dynamic-data": "1.10.0",
        "@microsoft/sp-lodash-subset": "1.10.0",
        "@microsoft/sp-odata-types": "1.10.0",
        "@types/es6-promise": "0.0.33",
        "@types/webpack-env": "1.13.1",
        "tslib": "~1.9.3"
      }
    },
    "@microsoft/sp-polyfills": {
      "version": "1.10.0",
      "resolved": "https://registry.npmjs.org/@microsoft/sp-polyfills/-/sp-polyfills-1.10.0.tgz",
      "integrity": "sha512-oboAg9zAH/P86CgG+8RA8wpL9aLJtYtchcVjnQxTYp3wMvHtNWEysHWBHtjIapTLEKXbPwNQ8Apnsy2TstNcZg==",
      "requires": {
        "@types/webpack-env": "1.13.1",
        "es6-collections": "0.5.6",
        "es6-promise": "4.1.1",
        "tslib": "~1.9.3",
        "whatwg-fetch": "2.0.3",
        "whatwg-url": "4.7.1"
      },
      "dependencies": {
        "es6-promise": {
          "version": "4.1.1",
          "resolved": "https://registry.npmjs.org/es6-promise/-/es6-promise-4.1.1.tgz",
          "integrity": "sha512-OaU1hHjgJf+b0NzsxCg7NdIYERD6Hy/PEmFLTjw+b65scuisG3Kt4QoTvJ66BBkPZ581gr0kpoVzKnxniM8nng=="
        },
        "whatwg-fetch": {
          "version": "2.0.3",
          "resolved": "https://registry.npmjs.org/whatwg-fetch/-/whatwg-fetch-2.0.3.tgz",
          "integrity": "sha1-nITsLc9oGH/wC8ZOEnS0QhduHIQ="
        }
      }
    },
    "@types/adal-angular": {
      "version": "1.0.1",
      "resolved": "https://registry.npmjs.org/@types/adal-angular/-/adal-angular-1.0.1.tgz",
      "integrity": "sha512-2sRGxJYrluhvIz8ae98i5k5woe9Fics4dMFHTcNfY2xAkj5QGZor+sfZzlgM58Fpw7Kklau9Gn6OhgJP25dKug=="
    },
    "@types/es6-promise": {
      "version": "0.0.33",
      "resolved": "https://registry.npmjs.org/@types/es6-promise/-/es6-promise-0.0.33.tgz",
      "integrity": "sha512-HKJFVLCGrWQ/1unEw8JdaTxu6n3EUxmwTxJ6D0O1x0gD8joCsgoTWxEgevb7fp2XIogNjof3KEd+3bJoGne/nw=="
    },
    "@types/lodash": {
      "version": "4.14.117",
      "resolved": "https://registry.npmjs.org/@types/lodash/-/lodash-4.14.117.tgz",
      "integrity": "sha512-xyf2m6tRbz8qQKcxYZa7PA4SllYcay+eh25DN3jmNYY6gSTL7Htc/bttVdkqj2wfJGbeWlQiX8pIyJpKU+tubw=="
    },
    "@types/microsoft-ajax": {
      "version": "0.0.35",
      "resolved": "https://registry.npmjs.org/@types/microsoft-ajax/-/microsoft-ajax-0.0.35.tgz",
      "integrity": "sha512-uM+VKi5q/EjhsCSfH/raPPB5qxuSuOIgmn03LEpDrvDKgsFxvTFeeaRIgib2imNAm7GOQ4MhgsNWiIRGK/YxcQ=="
    },
    "@types/node": {
      "version": "8.10.54",
      "resolved": "https://registry.npmjs.org/@types/node/-/node-8.10.54.tgz",
      "integrity": "sha512-kaYyLYf6ICn6/isAyD4K1MyWWd5Q3JgH6bnMN089LUx88+s4W8GvK9Q6JMBVu5vsFFp7pMdSxdKmlBXwH/VFRg=="
    },
    "@types/prop-types": {
      "version": "15.7.3",
      "resolved": "https://registry.npmjs.org/@types/prop-types/-/prop-types-15.7.3.tgz",
      "integrity": "sha512-KfRL3PuHmqQLOG+2tGpRO26Ctg+Cq1E01D2DMriKEATHgWLfeNDmq9e29Q9WIky0dQ3NPkd1mzYH8Lm936Z9qw=="
    },
    "@types/react": {
      "version": "16.8.8",
      "resolved": "https://registry.npmjs.org/@types/react/-/react-16.8.8.tgz",
      "integrity": "sha512-xwEvyet96u7WnB96kqY0yY7qxx/pEpU51QeACkKFtrgjjXITQn0oO1iwPEraXVgh10ZFPix7gs1R4OJXF7P5sg==",
      "requires": {
        "@types/prop-types": "*",
        "csstype": "^2.2.0"
      }
    },
    "@types/react-dom": {
      "version": "16.8.3",
      "resolved": "https://registry.npmjs.org/@types/react-dom/-/react-dom-16.8.3.tgz",
      "integrity": "sha512-HF5hD5YR3z9Mn6kXcW1VKe4AQ04ZlZj1EdLBae61hzQ3eEWWxMgNLUbIxeZp40BnSxqY1eAYLsH9QopQcxzScA==",
      "requires": {
        "@types/react": "*"
      }
    },
    "@types/requirejs": {
      "version": "2.1.29",
      "resolved": "https://registry.npmjs.org/@types/requirejs/-/requirejs-2.1.29.tgz",
      "integrity": "sha1-vEi8gzwHnCwkumr7ym06A7P04vM="
    },
    "@types/sharepoint": {
      "version": "2013.1.9",
      "resolved": "https://registry.npmjs.org/@types/sharepoint/-/sharepoint-2013.1.9.tgz",
      "integrity": "sha512-OP3D/vKnOnZcRwTu2jdt7gp8AGDKx3jFoBHudR7UUX4IIwDqOPEJdkfvIpz/KiQbbbyvWS0PtvDz3iQ1HH/rcw==",
      "requires": {
        "@types/microsoft-ajax": "*"
      }
    },
    "@types/webpack-env": {
      "version": "1.13.1",
      "resolved": "https://registry.npmjs.org/@types/webpack-env/-/webpack-env-1.13.1.tgz",
      "integrity": "sha512-oHyg0NssP2RCpCvE35hhbSqMJRsc5lSW+GFe+Vc65JL+kHII1VMYM+0KeV/z4utFuUqPoQRmq8KMMp7ba0dj6Q=="
    },
    "@types/z-schema": {
      "version": "3.16.31",
      "resolved": "https://registry.npmjs.org/@types/z-schema/-/z-schema-3.16.31.tgz",
      "integrity": "sha1-LrHQCl5Ow/pYx2r94S4YK2bcXBw="
    },
    "@uifabric/foundation": {
      "version": "7.7.5",
      "resolved": "https://registry.npmjs.org/@uifabric/foundation/-/foundation-7.7.5.tgz",
      "integrity": "sha512-WTGMXxmuRbYXFPw3NbTVOt9l8Fb7Z+R8vJ+zTThR8oYw6Mx7+ZVa/bGoIAiNbS2MHw5j4YXb7D0TdxLnZXhn2g==",
      "requires": {
        "@uifabric/merge-styles": "^7.11.1",
        "@uifabric/set-version": "^7.0.11",
        "@uifabric/styling": "^7.11.8",
        "@uifabric/utilities": "^7.15.11",
        "tslib": "^1.10.0"
      },
      "dependencies": {
        "@uifabric/utilities": {
          "version": "7.15.11",
          "resolved": "https://registry.npmjs.org/@uifabric/utilities/-/utilities-7.15.11.tgz",
          "integrity": "sha512-HiGWvQNjLjQuwDnE2TqDHJiiE4vW62xbzOtAbuRO9w0/JlIna3dQA6e6ZC9RatagD0vh20ePxeZtv/XHTZePMw==",
          "requires": {
            "@uifabric/merge-styles": "^7.11.1",
            "@uifabric/set-version": "^7.0.11",
            "prop-types": "^15.7.2",
            "tslib": "^1.10.0"
          }
        },
        "tslib": {
          "version": "1.11.1",
          "resolved": "https://registry.npmjs.org/tslib/-/tslib-1.11.1.tgz",
          "integrity": "sha512-aZW88SY8kQbU7gpV19lN24LtXh/yD4ZZg6qieAJDDg+YBsJcSmLGK9QpnUjAKVG/xefmvJGd1WUmfpT/g6AJGA=="
        }
      }
    },
    "@uifabric/icons": {
      "version": "7.3.0",
      "resolved": "https://registry.npmjs.org/@uifabric/icons/-/icons-7.3.0.tgz",
      "integrity": "sha512-wbcR8fJce20sPjsK2bbTC/cAZfAOFuE4dd4LHw194+8H+/dqotsowrQVp5Lu8aaHGQk+fXoiZmUy30WA9cAG4Q==",
      "requires": {
        "@uifabric/set-version": "^7.0.2",
        "@uifabric/styling": "^7.7.1",
        "tslib": "^1.7.1"
      }
    },
    "@uifabric/merge-styles": {
      "version": "7.11.1",
      "resolved": "https://registry.npmjs.org/@uifabric/merge-styles/-/merge-styles-7.11.1.tgz",
      "integrity": "sha512-r3T+xOo36qr0lrA+RRN1Ie6eI6Uzo7Gf8AplFkIGeaNczC2m3k5xY+oUa1WmOc6yRCJdMnn18fTYljOXAV4Tpw==",
      "requires": {
        "@uifabric/set-version": "^7.0.11",
        "tslib": "^1.10.0"
      },
      "dependencies": {
        "tslib": {
          "version": "1.11.1",
          "resolved": "https://registry.npmjs.org/tslib/-/tslib-1.11.1.tgz",
          "integrity": "sha512-aZW88SY8kQbU7gpV19lN24LtXh/yD4ZZg6qieAJDDg+YBsJcSmLGK9QpnUjAKVG/xefmvJGd1WUmfpT/g6AJGA=="
        }
      }
    },
    "@uifabric/react-hooks": {
      "version": "7.2.0",
      "resolved": "https://registry.npmjs.org/@uifabric/react-hooks/-/react-hooks-7.2.0.tgz",
      "integrity": "sha512-jARkz8+5oSIpkxM1eiQaNKnourxkHdWEy7qm/ayvKub/9qvsK2BFX35IBLsJ/gt6Np2Qzo72oaVRfRqqJ9FWBg==",
      "requires": {
        "@uifabric/set-version": "^7.0.11",
        "@uifabric/utilities": "^7.15.11",
        "tslib": "^1.10.0"
      },
      "dependencies": {
        "@uifabric/utilities": {
          "version": "7.15.11",
          "resolved": "https://registry.npmjs.org/@uifabric/utilities/-/utilities-7.15.11.tgz",
          "integrity": "sha512-HiGWvQNjLjQuwDnE2TqDHJiiE4vW62xbzOtAbuRO9w0/JlIna3dQA6e6ZC9RatagD0vh20ePxeZtv/XHTZePMw==",
          "requires": {
            "@uifabric/merge-styles": "^7.11.1",
            "@uifabric/set-version": "^7.0.11",
            "prop-types": "^15.7.2",
            "tslib": "^1.10.0"
          }
        },
        "tslib": {
          "version": "1.11.1",
          "resolved": "https://registry.npmjs.org/tslib/-/tslib-1.11.1.tgz",
          "integrity": "sha512-aZW88SY8kQbU7gpV19lN24LtXh/yD4ZZg6qieAJDDg+YBsJcSmLGK9QpnUjAKVG/xefmvJGd1WUmfpT/g6AJGA=="
        }
      }
    },
    "@uifabric/set-version": {
      "version": "7.0.11",
      "resolved": "https://registry.npmjs.org/@uifabric/set-version/-/set-version-7.0.11.tgz",
      "integrity": "sha512-QAwgQa/Pik/q4Io8SGAjiAjiSHT5JIdhHxFw9Ytct/daagZl40Kt/Et+3U01geMLSD5TOAUATvRN7xAFFgkD9A==",
      "requires": {
        "tslib": "^1.10.0"
      },
      "dependencies": {
        "tslib": {
          "version": "1.11.1",
          "resolved": "https://registry.npmjs.org/tslib/-/tslib-1.11.1.tgz",
          "integrity": "sha512-aZW88SY8kQbU7gpV19lN24LtXh/yD4ZZg6qieAJDDg+YBsJcSmLGK9QpnUjAKVG/xefmvJGd1WUmfpT/g6AJGA=="
        }
      }
    },
    "@uifabric/styling": {
      "version": "7.11.8",
      "resolved": "https://registry.npmjs.org/@uifabric/styling/-/styling-7.11.8.tgz",
      "integrity": "sha512-H0uSL6zSef3jICQUKpucwdax++FpqzOYQDgeXYkb0111pEBbvtd56VSkODoEvSTf24s0oE0cIXTA/6XoNRCI3g==",
      "requires": {
        "@microsoft/load-themed-styles": "^1.10.26",
        "@uifabric/merge-styles": "^7.11.1",
        "@uifabric/set-version": "^7.0.11",
        "@uifabric/utilities": "^7.15.11",
        "tslib": "^1.10.0"
      },
      "dependencies": {
        "@uifabric/utilities": {
          "version": "7.15.11",
          "resolved": "https://registry.npmjs.org/@uifabric/utilities/-/utilities-7.15.11.tgz",
          "integrity": "sha512-HiGWvQNjLjQuwDnE2TqDHJiiE4vW62xbzOtAbuRO9w0/JlIna3dQA6e6ZC9RatagD0vh20ePxeZtv/XHTZePMw==",
          "requires": {
            "@uifabric/merge-styles": "^7.11.1",
            "@uifabric/set-version": "^7.0.11",
            "prop-types": "^15.7.2",
            "tslib": "^1.10.0"
          }
        },
        "tslib": {
          "version": "1.11.1",
          "resolved": "https://registry.npmjs.org/tslib/-/tslib-1.11.1.tgz",
          "integrity": "sha512-aZW88SY8kQbU7gpV19lN24LtXh/yD4ZZg6qieAJDDg+YBsJcSmLGK9QpnUjAKVG/xefmvJGd1WUmfpT/g6AJGA=="
        }
      }
    },
    "@uifabric/utilities": {
      "version": "7.5.0",
      "resolved": "https://registry.npmjs.org/@uifabric/utilities/-/utilities-7.5.0.tgz",
      "integrity": "sha512-h9XwZVaKyLN3Ss4G+bXFWsmCzExID/SKbO64XPjsCIhuxVYsTg6/hDrvyU4TCEx06/ehXfdHRmyjCYL1PNdDMg==",
      "requires": {
        "@uifabric/merge-styles": "^7.7.0",
        "@uifabric/set-version": "^7.0.2",
        "prop-types": "^15.5.10",
        "tslib": "^1.7.1"
      }
    },
    "adal-angular": {
      "version": "1.0.16",
      "resolved": "https://registry.npmjs.org/adal-angular/-/adal-angular-1.0.16.tgz",
      "integrity": "sha1-4rwxvHEqr/ugU6pN1GvITrXSCQ8="
    },
    "big.js": {
      "version": "3.2.0",
      "resolved": "https://registry.npmjs.org/big.js/-/big.js-3.2.0.tgz",
      "integrity": "sha512-+hN/Zh2D08Mx65pZ/4g5bsmNiZUuChDiQfTUQ7qJr4/kuopCr88xZsAXv6mBoZEsUI4OuGHlX59qE94K2mMW8Q=="
    },
    "commander": {
      "version": "2.20.3",
      "resolved": "https://registry.npmjs.org/commander/-/commander-2.20.3.tgz",
      "integrity": "sha512-GpVkmM8vF2vQUkj2LvZmD35JxeJOLCwJ9cUkugyk2nuhbv3+mJvpLYYt+0+USMxE+oj+ey/lJEnhZw75x/OMcQ==",
      "optional": true
    },
    "csstype": {
      "version": "2.6.10",
      "resolved": "https://registry.npmjs.org/csstype/-/csstype-2.6.10.tgz",
      "integrity": "sha512-D34BqZU4cIlMCY93rZHbrq9pjTAQJ3U8S8rfBqjwHxkGPThWFjzZDQpgMJY0QViLxth6ZKYiwFBo14RdN44U/w=="
    },
    "emojis-list": {
      "version": "2.1.0",
      "resolved": "https://registry.npmjs.org/emojis-list/-/emojis-list-2.1.0.tgz",
      "integrity": "sha1-TapNnbAPmBmIDHn6RXrlsJof04k="
    },
    "encoding": {
      "version": "0.1.12",
      "resolved": "https://registry.npmjs.org/encoding/-/encoding-0.1.12.tgz",
      "integrity": "sha1-U4tm8+5izRq1HsMjgp0flIDHS+s=",
      "requires": {
        "iconv-lite": "~0.4.13"
      }
    },
    "es6-collections": {
      "version": "0.5.6",
      "resolved": "https://registry.npmjs.org/es6-collections/-/es6-collections-0.5.6.tgz",
      "integrity": "sha1-VVLoAK0SwYIM2ivUp5rn27A9iaI="
    },
    "es6-promise": {
      "version": "4.2.8",
      "resolved": "https://registry.npmjs.org/es6-promise/-/es6-promise-4.2.8.tgz",
      "integrity": "sha512-HJDGx5daxeIvxdBxvG2cb9g4tEvwIk3i8+nhX0yGrYmZUzbkdg8QbDevheDB8gd0//uPj4c1EQua8Q+MViT0/w=="
    },
    "exports-loader": {
      "version": "0.6.4",
      "resolved": "https://registry.npmjs.org/exports-loader/-/exports-loader-0.6.4.tgz",
      "integrity": "sha1-1w/GEhl1s1/BKDDPUnVL4nQPyIY=",
      "requires": {
        "loader-utils": "^1.0.2",
        "source-map": "0.5.x"
      }
    },
    "iconv-lite": {
      "version": "0.4.24",
      "resolved": "https://registry.npmjs.org/iconv-lite/-/iconv-lite-0.4.24.tgz",
      "integrity": "sha512-v3MXnZAcvnywkTUEZomIActle7RXXeedOR31wwl7VlyoXO4Qi9arvSenNQWne1TcRwhCL1HwLI21bEqdpj8/rA==",
      "requires": {
        "safer-buffer": ">= 2.1.2 < 3"
      }
    },
    "is-stream": {
      "version": "1.1.0",
      "resolved": "https://registry.npmjs.org/is-stream/-/is-stream-1.1.0.tgz",
      "integrity": "sha1-EtSj3U5o4Lec6428hBc66A2RykQ="
    },
    "isomorphic-fetch": {
      "version": "2.2.1",
      "resolved": "https://registry.npmjs.org/isomorphic-fetch/-/isomorphic-fetch-2.2.1.tgz",
      "integrity": "sha1-YRrhrPFPXoH3KVB0coGf6XM1WKk=",
      "requires": {
        "node-fetch": "^1.0.1",
        "whatwg-fetch": ">=0.10.0"
      }
    },
    "js-tokens": {
      "version": "4.0.0",
      "resolved": "https://registry.npmjs.org/js-tokens/-/js-tokens-4.0.0.tgz",
      "integrity": "sha512-RdJUflcE3cUzKiMqQgsCu06FPu9UdIJO0beYbPhHN4k6apgJtifcoCtT9bcxOpYBtpD2kCM6Sbzg4CausW/PKQ=="
    },
    "json5": {
      "version": "0.5.1",
      "resolved": "https://registry.npmjs.org/json5/-/json5-0.5.1.tgz",
      "integrity": "sha1-Hq3nrMASA0rYTiOWdn6tn6VJWCE="
    },
    "loader-utils": {
      "version": "1.1.0",
      "resolved": "https://registry.npmjs.org/loader-utils/-/loader-utils-1.1.0.tgz",
      "integrity": "sha1-yYrvSIvM7aL/teLeZG1qdUQp9c0=",
      "requires": {
        "big.js": "^3.1.3",
        "emojis-list": "^2.0.0",
        "json5": "^0.5.0"
      }
    },
    "lodash.get": {
      "version": "4.4.2",
      "resolved": "https://registry.npmjs.org/lodash.get/-/lodash.get-4.4.2.tgz",
      "integrity": "sha1-LRd/ZS+jHpObRDjVNBSZ36OCXpk="
    },
    "lodash.isequal": {
      "version": "4.5.0",
      "resolved": "https://registry.npmjs.org/lodash.isequal/-/lodash.isequal-4.5.0.tgz",
      "integrity": "sha1-QVxEePK8wwEgwizhDtMib30+GOA="
    },
    "loose-envify": {
      "version": "1.4.0",
      "resolved": "https://registry.npmjs.org/loose-envify/-/loose-envify-1.4.0.tgz",
      "integrity": "sha512-lyuxPGr/Wfhrlem2CL/UcnUc1zcqKAImBDzukY7Y5F/yQiNdko6+fRLevlw1HgMySw7f611UIY408EtxRSoK3Q==",
      "requires": {
        "js-tokens": "^3.0.0 || ^4.0.0"
      }
    },
    "msal": {
      "version": "1.1.3",
      "resolved": "https://registry.npmjs.org/msal/-/msal-1.1.3.tgz",
      "integrity": "sha512-cdShb+N1H3OyR1y46ij6OO7QzeqC6BxrbrNcouS4JBrr1+DnZ55TumxQKEzWmTXHvsbsuz5PCyXZl812Un8L9g==",
      "requires": {
        "tslib": "^1.9.3"
      }
    },
    "node-fetch": {
      "version": "1.7.3",
      "resolved": "https://registry.npmjs.org/node-fetch/-/node-fetch-1.7.3.tgz",
      "integrity": "sha512-NhZ4CsKx7cYm2vSrBAr2PvFOe6sWDf0UYLRqA6svUYg7+/TSfVAu49jYC4BvQ4Sms9SZgdqGBgroqfDhJdTyKQ==",
      "requires": {
        "encoding": "^0.1.11",
        "is-stream": "^1.0.1"
      }
    },
    "object-assign": {
      "version": "4.1.1",
      "resolved": "https://registry.npmjs.org/object-assign/-/object-assign-4.1.1.tgz",
      "integrity": "sha1-IQmtx5ZYh8/AXLvUQsrIv7s2CGM="
    },
    "office-ui-fabric-react": {
      "version": "7.59.0",
      "resolved": "https://registry.npmjs.org/office-ui-fabric-react/-/office-ui-fabric-react-7.59.0.tgz",
      "integrity": "sha512-bZg1Msffb7DKAawxzxmUYMEv+me6FzdPvRKbrG7pQrj/rRR8ofPbo43NRFfFmOdHnNs7290H0Cwpu3kRk+6msg==",
      "requires": {
        "@microsoft/load-themed-styles": "^1.7.13",
        "@uifabric/foundation": "^7.5.0",
        "@uifabric/icons": "^7.3.0",
        "@uifabric/merge-styles": "^7.8.0",
        "@uifabric/react-hooks": "^7.0.1",
        "@uifabric/set-version": "^7.0.2",
        "@uifabric/styling": "^7.7.2",
        "@uifabric/utilities": "^7.5.0",
        "prop-types": "^15.5.10",
        "tslib": "^1.7.1"
      }
    },
    "prettier": {
      "version": "2.0.5",
      "resolved": "https://registry.npmjs.org/prettier/-/prettier-2.0.5.tgz",
      "integrity": "sha512-7PtVymN48hGcO4fGjybyBSIWDsLU4H4XlvOHfq91pz9kkGlonzwTfYkaIEwiRg/dAJF9YlbsduBAgtYLi+8cFg==",
      "dev": true
    },
    "prop-types": {
      "version": "15.7.2",
      "resolved": "https://registry.npmjs.org/prop-types/-/prop-types-15.7.2.tgz",
      "integrity": "sha512-8QQikdH7//R2vurIJSutZ1smHYTcLpRWEOlHnzcWHmBYrOGUysKwSsrC89BCiFj3CbrfJ/nXFdJepOVrY1GCHQ==",
      "requires": {
        "loose-envify": "^1.4.0",
        "object-assign": "^4.1.1",
        "react-is": "^16.8.1"
      }
    },
    "raw-loader": {
      "version": "0.5.1",
      "resolved": "https://registry.npmjs.org/raw-loader/-/raw-loader-0.5.1.tgz",
      "integrity": "sha1-DD0L6u2KAclm2Xh793goElKpeao="
    },
    "react": {
      "version": "16.8.5",
      "resolved": "https://registry.npmjs.org/react/-/react-16.8.5.tgz",
      "integrity": "sha512-daCb9TD6FZGvJ3sg8da1tRAtIuw29PbKZW++NN4wqkbEvxL+bZpaaYb4xuftW/SpXmgacf1skXl/ddX6CdOlDw==",
      "requires": {
        "loose-envify": "^1.1.0",
        "object-assign": "^4.1.1",
        "prop-types": "^15.6.2",
        "scheduler": "^0.13.5"
      }
    },
    "react-dom": {
      "version": "16.8.5",
      "resolved": "https://registry.npmjs.org/react-dom/-/react-dom-16.8.5.tgz",
      "integrity": "sha512-VIEIvZLpFafsfu4kgmftP5L8j7P1f0YThfVTrANMhZUFMDOsA6e0kfR6wxw/8xxKs4NB59TZYbxNdPCDW34x4w==",
      "requires": {
        "loose-envify": "^1.1.0",
        "object-assign": "^4.1.1",
        "prop-types": "^15.6.2",
        "scheduler": "^0.13.5"
      }
    },
    "react-is": {
      "version": "16.13.1",
      "resolved": "https://registry.npmjs.org/react-is/-/react-is-16.13.1.tgz",
      "integrity": "sha512-24e6ynE2H+OKt4kqsOvNd8kBpV65zoxbA4BVsEOB3ARVWQki/DHzaUoC5KuON/BiccDaCCTZBuOcfZs70kR8bQ=="
    },
    "requirejs": {
      "version": "2.1.20",
      "resolved": "https://registry.npmjs.org/requirejs/-/requirejs-2.1.20.tgz",
      "integrity": "sha1-EUgiyRfsh5NFCy2qoeubvxEB6TE="
    },
    "safer-buffer": {
      "version": "2.1.2",
      "resolved": "https://registry.npmjs.org/safer-buffer/-/safer-buffer-2.1.2.tgz",
      "integrity": "sha512-YZo3K82SD7Riyi0E1EQPojLz7kpepnSQI9IyPbHHg1XXXevb5dJI7tpyN2ADxGcQbHG7vcyRHk0cbwqcQriUtg=="
    },
    "scheduler": {
      "version": "0.13.6",
      "resolved": "https://registry.npmjs.org/scheduler/-/scheduler-0.13.6.tgz",
      "integrity": "sha512-IWnObHt413ucAYKsD9J1QShUKkbKLQQHdxRyw73sw4FN26iWr3DY/H34xGPe4nmL1DwXyWmSWmMrA9TfQbE/XQ==",
      "requires": {
        "loose-envify": "^1.1.0",
        "object-assign": "^4.1.1"
      }
    },
    "source-map": {
      "version": "0.5.7",
      "resolved": "https://registry.npmjs.org/source-map/-/source-map-0.5.7.tgz",
      "integrity": "sha1-igOdLRAh0i0eoUyA2OpGi6LvP8w="
    },
    "sp-pnp-js": {
      "version": "3.0.10",
      "resolved": "https://registry.npmjs.org/sp-pnp-js/-/sp-pnp-js-3.0.10.tgz",
      "integrity": "sha1-Rm180DEgkNbEXTH20azoAgW9QjA=",
      "requires": {
        "@microsoft/microsoft-graph-types": "1.1.0",
        "@types/sharepoint": "2013.1.9"
      }
    },
    "tr46": {
      "version": "0.0.3",
      "resolved": "https://registry.npmjs.org/tr46/-/tr46-0.0.3.tgz",
      "integrity": "sha1-gYT9NH2snNwYWZLzpmIuFLnZq2o="
    },
    "tslib": {
      "version": "1.9.3",
      "resolved": "https://registry.npmjs.org/tslib/-/tslib-1.9.3.tgz",
      "integrity": "sha512-4krF8scpejhaOgqzBEcGM7yDIEfi0/8+8zDRZhNZZ2kjmHJ4hv3zCbQWxoJGz1iw5U0Jl0nma13xzHXcncMavQ=="
    },
    "typescript": {
      "version": "3.8.3",
      "resolved": "https://registry.npmjs.org/typescript/-/typescript-3.8.3.tgz",
      "integrity": "sha512-MYlEfn5VrLNsgudQTVJeNaQFUAI7DkhnOjdpAp4T+ku1TfQClewlbSuTVHiA+8skNBgaf02TL/kLOvig4y3G8w=="
    },
    "validator": {
      "version": "8.2.0",
      "resolved": "https://registry.npmjs.org/validator/-/validator-8.2.0.tgz",
      "integrity": "sha512-Yw5wW34fSv5spzTXNkokD6S6/Oq92d8q/t14TqsS3fAiA1RYnxSFSIZ+CY3n6PGGRCq5HhJTSepQvFUS2QUDxA=="
    },
    "webidl-conversions": {
      "version": "3.0.1",
      "resolved": "https://registry.npmjs.org/webidl-conversions/-/webidl-conversions-3.0.1.tgz",
      "integrity": "sha1-JFNCdeKnvGvnvIZhHMFq4KVlSHE="
    },
    "whatwg-fetch": {
      "version": "3.0.0",
      "resolved": "https://registry.npmjs.org/whatwg-fetch/-/whatwg-fetch-3.0.0.tgz",
      "integrity": "sha512-9GSJUgz1D4MfyKU7KRqwOjXCXTqWdFNvEr7eUBYchQiVc744mqK/MzXPNR2WsPkmkOa4ywfg8C2n8h+13Bey1Q=="
    },
    "whatwg-url": {
      "version": "4.7.1",
      "resolved": "https://registry.npmjs.org/whatwg-url/-/whatwg-url-4.7.1.tgz",
      "integrity": "sha1-303C4/JaY7H6WzLtbWwTlXfWkN4=",
      "requires": {
        "tr46": "~0.0.3",
        "webidl-conversions": "^3.0.0"
      }
    },
    "z-schema": {
      "version": "3.18.4",
      "resolved": "https://registry.npmjs.org/z-schema/-/z-schema-3.18.4.tgz",
      "integrity": "sha512-DUOKC/IhbkdLKKiV89gw9DUauTV8U/8yJl1sjf6MtDmzevLKOF2duNJ495S3MFVjqZarr+qNGCPbkg4mu4PpLw==",
      "requires": {
        "commander": "^2.7.1",
        "lodash.get": "^4.0.0",
        "lodash.isequal": "^4.0.0",
        "validator": "^8.0.0"
      }
    }
  }
}
